// !$*UTF8*$!
{
	archiveVersion = 1;
	classes = {
	};
	objectVersion = 50;
	objects = {

/* Begin PBXBuildFile section */
		ADB6113624571616008BC8DA /* AppDelegate.swift in Sources */ = {isa = PBXBuildFile; fileRef = ADB6113524571616008BC8DA /* AppDelegate.swift */; };
		ADB6113824571616008BC8DA /* SceneDelegate.swift in Sources */ = {isa = PBXBuildFile; fileRef = ADB6113724571616008BC8DA /* SceneDelegate.swift */; };
		ADB6113A24571616008BC8DA /* ContentView.swift in Sources */ = {isa = PBXBuildFile; fileRef = ADB6113924571616008BC8DA /* ContentView.swift */; };
		ADB6113C2457161A008BC8DA /* Assets.xcassets in Resources */ = {isa = PBXBuildFile; fileRef = ADB6113B2457161A008BC8DA /* Assets.xcassets */; };
		ADB6113F2457161A008BC8DA /* Preview Assets.xcassets in Resources */ = {isa = PBXBuildFile; fileRef = ADB6113E2457161A008BC8DA /* Preview Assets.xcassets */; };
		ADB611422457161A008BC8DA /* LaunchScreen.storyboard in Resources */ = {isa = PBXBuildFile; fileRef = ADB611402457161A008BC8DA /* LaunchScreen.storyboard */; };
/* End PBXBuildFile section */

/* Begin PBXContainerItemProxy section */
		ADB611492457161A008BC8DA /* PBXContainerItemProxy */ = {
			isa = PBXContainerItemProxy;
			containerPortal = ADB6112A24571616008BC8DA /* Project object */;
			proxyType = 1;
			remoteGlobalIDString = ADB6113124571616008BC8DA;
			remoteInfo = "Multiple Image Picker";
		};
		ADB611542457161A008BC8DA /* PBXContainerItemProxy */ = {
			isa = PBXContainerItemProxy;
			containerPortal = ADB6112A24571616008BC8DA /* Project object */;
			proxyType = 1;
			remoteGlobalIDString = ADB6113124571616008BC8DA;
			remoteInfo = "Multiple Image Picker";
		};
/* End PBXContainerItemProxy section */

/* Begin PBXFileReference section */
		ADB6113224571616008BC8DA /* ImagePickerViewDemo.app */ = {isa = PBXFileReference; explicitFileType = wrapper.application; includeInIndex = 0; path = ImagePickerViewDemo.app; sourceTree = BUILT_PRODUCTS_DIR; };
		ADB6113524571616008BC8DA /* AppDelegate.swift */ = {isa = PBXFileReference; lastKnownFileType = sourcecode.swift; path = AppDelegate.swift; sourceTree = "<group>"; };
		ADB6113724571616008BC8DA /* SceneDelegate.swift */ = {isa = PBXFileReference; lastKnownFileType = sourcecode.swift; path = SceneDelegate.swift; sourceTree = "<group>"; };
		ADB6113924571616008BC8DA /* ContentView.swift */ = {isa = PBXFileReference; lastKnownFileType = sourcecode.swift; path = ContentView.swift; sourceTree = "<group>"; };
		ADB6113B2457161A008BC8DA /* Assets.xcassets */ = {isa = PBXFileReference; lastKnownFileType = folder.assetcatalog; path = Assets.xcassets; sourceTree = "<group>"; };
		ADB6113E2457161A008BC8DA /* Preview Assets.xcassets */ = {isa = PBXFileReference; lastKnownFileType = folder.assetcatalog; path = "Preview Assets.xcassets"; sourceTree = "<group>"; };
		ADB611412457161A008BC8DA /* Base */ = {isa = PBXFileReference; lastKnownFileType = file.storyboard; name = Base; path = Base.lproj/LaunchScreen.storyboard; sourceTree = "<group>"; };
		ADB611432457161A008BC8DA /* Info.plist */ = {isa = PBXFileReference; lastKnownFileType = text.plist.xml; path = Info.plist; sourceTree = "<group>"; };
		ADB611482457161A008BC8DA /* ImagePickerViewDemoTests.xctest */ = {isa = PBXFileReference; explicitFileType = wrapper.cfbundle; includeInIndex = 0; path = ImagePickerViewDemoTests.xctest; sourceTree = BUILT_PRODUCTS_DIR; };
		ADB611532457161A008BC8DA /* ImagePickerViewDemoUITests.xctest */ = {isa = PBXFileReference; explicitFileType = wrapper.cfbundle; includeInIndex = 0; path = ImagePickerViewDemoUITests.xctest; sourceTree = BUILT_PRODUCTS_DIR; };
/* End PBXFileReference section */

/* Begin PBXFrameworksBuildPhase section */
		ADB6112F24571616008BC8DA /* Frameworks */ = {
			isa = PBXFrameworksBuildPhase;
			buildActionMask = 2147483647;
			files = (
			);
			runOnlyForDeploymentPostprocessing = 0;
		};
		ADB611452457161A008BC8DA /* Frameworks */ = {
			isa = PBXFrameworksBuildPhase;
			buildActionMask = 2147483647;
			files = (
			);
			runOnlyForDeploymentPostprocessing = 0;
		};
		ADB611502457161A008BC8DA /* Frameworks */ = {
			isa = PBXFrameworksBuildPhase;
			buildActionMask = 2147483647;
			files = (
			);
			runOnlyForDeploymentPostprocessing = 0;
		};
/* End PBXFrameworksBuildPhase section */

/* Begin PBXGroup section */
		ADB6112924571616008BC8DA = {
			isa = PBXGroup;
			children = (
				ADB6113424571616008BC8DA /* ImagePickerViewDemo */,
				ADB6113324571616008BC8DA /* Products */,
			);
			sourceTree = "<group>";
		};
		ADB6113324571616008BC8DA /* Products */ = {
			isa = PBXGroup;
			children = (
				ADB6113224571616008BC8DA /* ImagePickerViewDemo.app */,
				ADB611482457161A008BC8DA /* ImagePickerViewDemoTests.xctest */,
				ADB611532457161A008BC8DA /* ImagePickerViewDemoUITests.xctest */,
			);
			name = Products;
			sourceTree = "<group>";
		};
		ADB6113424571616008BC8DA /* ImagePickerViewDemo */ = {
			isa = PBXGroup;
			children = (
				ADB6113524571616008BC8DA /* AppDelegate.swift */,
				ADB6113724571616008BC8DA /* SceneDelegate.swift */,
				ADB6113924571616008BC8DA /* ContentView.swift */,
				ADB6113B2457161A008BC8DA /* Assets.xcassets */,
				ADB611402457161A008BC8DA /* LaunchScreen.storyboard */,
				ADB611432457161A008BC8DA /* Info.plist */,
				ADB6113D2457161A008BC8DA /* Preview Content */,
			);
			path = ImagePickerViewDemo;
			sourceTree = "<group>";
		};
		ADB6113D2457161A008BC8DA /* Preview Content */ = {
			isa = PBXGroup;
			children = (
				ADB6113E2457161A008BC8DA /* Preview Assets.xcassets */,
			);
			path = "Preview Content";
			sourceTree = "<group>";
		};
/* End PBXGroup section */

/* Begin PBXNativeTarget section */
		ADB6113124571616008BC8DA /* ImagePickerViewDemo */ = {
			isa = PBXNativeTarget;
			buildConfigurationList = ADB6115C2457161A008BC8DA /* Build configuration list for PBXNativeTarget "ImagePickerViewDemo" */;
			buildPhases = (
				ADB6112E24571616008BC8DA /* Sources */,
				ADB6112F24571616008BC8DA /* Frameworks */,
				ADB6113024571616008BC8DA /* Resources */,
			);
			buildRules = (
			);
			dependencies = (
			);
			name = ImagePickerViewDemo;
			productName = "Multiple Image Picker";
			productReference = ADB6113224571616008BC8DA /* ImagePickerViewDemo.app */;
			productType = "com.apple.product-type.application";
		};
		ADB611472457161A008BC8DA /* ImagePickerViewDemoTests */ = {
			isa = PBXNativeTarget;
			buildConfigurationList = ADB6115F2457161A008BC8DA /* Build configuration list for PBXNativeTarget "ImagePickerViewDemoTests" */;
			buildPhases = (
				ADB611442457161A008BC8DA /* Sources */,
				ADB611452457161A008BC8DA /* Frameworks */,
				ADB611462457161A008BC8DA /* Resources */,
			);
			buildRules = (
			);
			dependencies = (
				ADB6114A2457161A008BC8DA /* PBXTargetDependency */,
			);
			name = ImagePickerViewDemoTests;
			productName = "Multiple Image PickerTests";
			productReference = ADB611482457161A008BC8DA /* ImagePickerViewDemoTests.xctest */;
			productType = "com.apple.product-type.bundle.unit-test";
		};
		ADB611522457161A008BC8DA /* ImagePickerViewDemoUITests */ = {
			isa = PBXNativeTarget;
			buildConfigurationList = ADB611622457161A008BC8DA /* Build configuration list for PBXNativeTarget "ImagePickerViewDemoUITests" */;
			buildPhases = (
				ADB6114F2457161A008BC8DA /* Sources */,
				ADB611502457161A008BC8DA /* Frameworks */,
				ADB611512457161A008BC8DA /* Resources */,
			);
			buildRules = (
			);
			dependencies = (
				ADB611552457161A008BC8DA /* PBXTargetDependency */,
			);
			name = ImagePickerViewDemoUITests;
			productName = "Multiple Image PickerUITests";
			productReference = ADB611532457161A008BC8DA /* ImagePickerViewDemoUITests.xctest */;
			productType = "com.apple.product-type.bundle.ui-testing";
		};
/* End PBXNativeTarget section */

/* Begin PBXProject section */
		ADB6112A24571616008BC8DA /* Project object */ = {
			isa = PBXProject;
			attributes = {
				LastSwiftUpdateCheck = 1140;
				LastUpgradeCheck = 1140;
				ORGANIZATIONNAME = Balaji;
				TargetAttributes = {
					ADB6113124571616008BC8DA = {
						CreatedOnToolsVersion = 11.4;
					};
					ADB611472457161A008BC8DA = {
						CreatedOnToolsVersion = 11.4;
						TestTargetID = ADB6113124571616008BC8DA;
					};
					ADB611522457161A008BC8DA = {
						CreatedOnToolsVersion = 11.4;
						TestTargetID = ADB6113124571616008BC8DA;
					};
				};
			};
			buildConfigurationList = ADB6112D24571616008BC8DA /* Build configuration list for PBXProject "ImagePickerViewDemo" */;
			compatibilityVersion = "Xcode 9.3";
			developmentRegion = en;
			hasScannedForEncodings = 0;
			knownRegions = (
				en,
				Base,
			);
			mainGroup = ADB6112924571616008BC8DA;
			productRefGroup = ADB6113324571616008BC8DA /* Products */;
			projectDirPath = "";
			projectRoot = "";
			targets = (
				ADB6113124571616008BC8DA /* ImagePickerViewDemo */,
				ADB611472457161A008BC8DA /* ImagePickerViewDemoTests */,
				ADB611522457161A008BC8DA /* ImagePickerViewDemoUITests */,
			);
		};
/* End PBXProject section */

/* Begin PBXResourcesBuildPhase section */
		ADB6113024571616008BC8DA /* Resources */ = {
			isa = PBXResourcesBuildPhase;
			buildActionMask = 2147483647;
			files = (
				ADB611422457161A008BC8DA /* LaunchScreen.storyboard in Resources */,
				ADB6113F2457161A008BC8DA /* Preview Assets.xcassets in Resources */,
				ADB6113C2457161A008BC8DA /* Assets.xcassets in Resources */,
			);
			runOnlyForDeploymentPostprocessing = 0;
		};
		ADB611462457161A008BC8DA /* Resources */ = {
			isa = PBXResourcesBuildPhase;
			buildActionMask = 2147483647;
			files = (
			);
			runOnlyForDeploymentPostprocessing = 0;
		};
		ADB611512457161A008BC8DA /* Resources */ = {
			isa = PBXResourcesBuildPhase;
			buildActionMask = 2147483647;
			files = (
			);
			runOnlyForDeploymentPostprocessing = 0;
		};
/* End PBXResourcesBuildPhase section */

/* Begin PBXSourcesBuildPhase section */
		ADB6112E24571616008BC8DA /* Sources */ = {
			isa = PBXSourcesBuildPhase;
			buildActionMask = 2147483647;
			files = (
				ADB6113624571616008BC8DA /* AppDelegate.swift in Sources */,
				ADB6113824571616008BC8DA /* SceneDelegate.swift in Sources */,
				ADB6113A24571616008BC8DA /* ContentView.swift in Sources */,
			);
			runOnlyForDeploymentPostprocessing = 0;
		};
		ADB611442457161A008BC8DA /* Sources */ = {
			isa = PBXSourcesBuildPhase;
			buildActionMask = 2147483647;
			files = (
			);
			runOnlyForDeploymentPostprocessing = 0;
		};
		ADB6114F2457161A008BC8DA /* Sources */ = {
			isa = PBXSourcesBuildPhase;
			buildActionMask = 2147483647;
			files = (
			);
			runOnlyForDeploymentPostprocessing = 0;
		};
/* End PBXSourcesBuildPhase section */

/* Begin PBXTargetDependency section */
		ADB6114A2457161A008BC8DA /* PBXTargetDependency */ = {
			isa = PBXTargetDependency;
			target = ADB6113124571616008BC8DA /* ImagePickerViewDemo */;
			targetProxy = ADB611492457161A008BC8DA /* PBXContainerItemProxy */;
		};
		ADB611552457161A008BC8DA /* PBXTargetDependency */ = {
			isa = PBXTargetDependency;
			target = ADB6113124571616008BC8DA /* ImagePickerViewDemo */;
			targetProxy = ADB611542457161A008BC8DA /* PBXContainerItemProxy */;
		};
/* End PBXTargetDependency section */

/* Begin PBXVariantGroup section */
		ADB611402457161A008BC8DA /* LaunchScreen.storyboard */ = {
			isa = PBXVariantGroup;
			children = (
				ADB611412457161A008BC8DA /* Base */,
			);
			name = LaunchScreen.storyboard;
			sourceTree = "<group>";
		};
/* End PBXVariantGroup section */

/* Begin XCBuildConfiguration section */
		ADB6115A2457161A008BC8DA /* Debug */ = {
			isa = XCBuildConfiguration;
			buildSettings = {
				ALWAYS_SEARCH_USER_PATHS = NO;
				CLANG_ANALYZER_NONNULL = YES;
				CLANG_ANALYZER_NUMBER_OBJECT_CONVERSION = YES_AGGRESSIVE;
				CLANG_CXX_LANGUAGE_STANDARD = "gnu++14";
				CLANG_CXX_LIBRARY = "libc++";
				CLANG_ENABLE_MODULES = YES;
				CLANG_ENABLE_OBJC_ARC = YES;
				CLANG_ENABLE_OBJC_WEAK = YES;
				CLANG_WARN_BLOCK_CAPTURE_AUTORELEASING = YES;
				CLANG_WARN_BOOL_CONVERSION = YES;
				CLANG_WARN_COMMA = YES;
				CLANG_WARN_CONSTANT_CONVERSION = YES;
				CLANG_WARN_DEPRECATED_OBJC_IMPLEMENTATIONS = YES;
				CLANG_WARN_DIRECT_OBJC_ISA_USAGE = YES_ERROR;
				CLANG_WARN_DOCUMENTATION_COMMENTS = YES;
				CLANG_WARN_EMPTY_BODY = YES;
				CLANG_WARN_ENUM_CONVERSION = YES;
				CLANG_WARN_INFINITE_RECURSION = YES;
				CLANG_WARN_INT_CONVERSION = YES;
				CLANG_WARN_NON_LITERAL_NULL_CONVERSION = YES;
				CLANG_WARN_OBJC_IMPLICIT_RETAIN_SELF = YES;
				CLANG_WARN_OBJC_LITERAL_CONVERSION = YES;
				CLANG_WARN_OBJC_ROOT_CLASS = YES_ERROR;
				CLANG_WARN_RANGE_LOOP_ANALYSIS = YES;
				CLANG_WARN_STRICT_PROTOTYPES = YES;
				CLANG_WARN_SUSPICIOUS_MOVE = YES;
				CLANG_WARN_UNGUARDED_AVAILABILITY = YES_AGGRESSIVE;
				CLANG_WARN_UNREACHABLE_CODE = YES;
				CLANG_WARN__DUPLICATE_METHOD_MATCH = YES;
				COPY_PHASE_STRIP = NO;
				DEBUG_INFORMATION_FORMAT = dwarf;
				ENABLE_STRICT_OBJC_MSGSEND = YES;
				ENABLE_TESTABILITY = YES;
				GCC_C_LANGUAGE_STANDARD = gnu11;
				GCC_DYNAMIC_NO_PIC = NO;
				GCC_NO_COMMON_BLOCKS = YES;
				GCC_OPTIMIZATION_LEVEL = 0;
				GCC_PREPROCESSOR_DEFINITIONS = (
					"DEBUG=1",
					"$(inherited)",
				);
				GCC_WARN_64_TO_32_BIT_CONVERSION = YES;
				GCC_WARN_ABOUT_RETURN_TYPE = YES_ERROR;
				GCC_WARN_UNDECLARED_SELECTOR = YES;
				GCC_WARN_UNINITIALIZED_AUTOS = YES_AGGRESSIVE;
				GCC_WARN_UNUSED_FUNCTION = YES;
				GCC_WARN_UNUSED_VARIABLE = YES;
				IPHONEOS_DEPLOYMENT_TARGET = 13.4;
				MTL_ENABLE_DEBUG_INFO = INCLUDE_SOURCE;
				MTL_FAST_MATH = YES;
				ONLY_ACTIVE_ARCH = YES;
				SDKROOT = iphoneos;
				SWIFT_ACTIVE_COMPILATION_CONDITIONS = DEBUG;
				SWIFT_OPTIMIZATION_LEVEL = "-Onone";
			};
			name = Debug;
		};
		ADB6115B2457161A008BC8DA /* Release */ = {
			isa = XCBuildConfiguration;
			buildSettings = {
				ALWAYS_SEARCH_USER_PATHS = NO;
				CLANG_ANALYZER_NONNULL = YES;
				CLANG_ANALYZER_NUMBER_OBJECT_CONVERSION = YES_AGGRESSIVE;
				CLANG_CXX_LANGUAGE_STANDARD = "gnu++14";
				CLANG_CXX_LIBRARY = "libc++";
				CLANG_ENABLE_MODULES = YES;
				CLANG_ENABLE_OBJC_ARC = YES;
				CLANG_ENABLE_OBJC_WEAK = YES;
				CLANG_WARN_BLOCK_CAPTURE_AUTORELEASING = YES;
				CLANG_WARN_BOOL_CONVERSION = YES;
				CLANG_WARN_COMMA = YES;
				CLANG_WARN_CONSTANT_CONVERSION = YES;
				CLANG_WARN_DEPRECATED_OBJC_IMPLEMENTATIONS = YES;
				CLANG_WARN_DIRECT_OBJC_ISA_USAGE = YES_ERROR;
				CLANG_WARN_DOCUMENTATION_COMMENTS = YES;
				CLANG_WARN_EMPTY_BODY = YES;
				CLANG_WARN_ENUM_CONVERSION = YES;
				CLANG_WARN_INFINITE_RECURSION = YES;
				CLANG_WARN_INT_CONVERSION = YES;
				CLANG_WARN_NON_LITERAL_NULL_CONVERSION = YES;
				CLANG_WARN_OBJC_IMPLICIT_RETAIN_SELF = YES;
				CLANG_WARN_OBJC_LITERAL_CONVERSION = YES;
				CLANG_WARN_OBJC_ROOT_CLASS = YES_ERROR;
				CLANG_WARN_RANGE_LOOP_ANALYSIS = YES;
				CLANG_WARN_STRICT_PROTOTYPES = YES;
				CLANG_WARN_SUSPICIOUS_MOVE = YES;
				CLANG_WARN_UNGUARDED_AVAILABILITY = YES_AGGRESSIVE;
				CLANG_WARN_UNREACHABLE_CODE = YES;
				CLANG_WARN__DUPLICATE_METHOD_MATCH = YES;
				COPY_PHASE_STRIP = NO;
				DEBUG_INFORMATION_FORMAT = "dwarf-with-dsym";
				ENABLE_NS_ASSERTIONS = NO;
				ENABLE_STRICT_OBJC_MSGSEND = YES;
				GCC_C_LANGUAGE_STANDARD = gnu11;
				GCC_NO_COMMON_BLOCKS = YES;
				GCC_WARN_64_TO_32_BIT_CONVERSION = YES;
				GCC_WARN_ABOUT_RETURN_TYPE = YES_ERROR;
				GCC_WARN_UNDECLARED_SELECTOR = YES;
				GCC_WARN_UNINITIALIZED_AUTOS = YES_AGGRESSIVE;
				GCC_WARN_UNUSED_FUNCTION = YES;
				GCC_WARN_UNUSED_VARIABLE = YES;
				IPHONEOS_DEPLOYMENT_TARGET = 13.4;
				MTL_ENABLE_DEBUG_INFO = NO;
				MTL_FAST_MATH = YES;
				SDKROOT = iphoneos;
				SWIFT_COMPILATION_MODE = wholemodule;
				SWIFT_OPTIMIZATION_LEVEL = "-O";
				VALIDATE_PRODUCT = YES;
			};
			name = Release;
		};
		ADB6115D2457161A008BC8DA /* Debug */ = {
			isa = XCBuildConfiguration;
			buildSettings = {
				ASSETCATALOG_COMPILER_APPICON_NAME = AppIcon;
				CODE_SIGN_STYLE = Automatic;
				DEVELOPMENT_ASSET_PATHS = "\"ImagePickerViewDemo/Preview Content\"";
				DEVELOPMENT_TEAM = VL9YGW7RJ3;
				ENABLE_PREVIEWS = YES;
				INFOPLIST_FILE = ImagePickerViewDemo/Info.plist;
				LD_RUNPATH_SEARCH_PATHS = (
					"$(inherited)",
					"@executable_path/Frameworks",
				);
				PRODUCT_BUNDLE_IDENTIFIER = demo.ImagePickerViewDemo;
				PRODUCT_NAME = "$(TARGET_NAME)";
				SWIFT_VERSION = 5.0;
				TARGETED_DEVICE_FAMILY = "1,2";
			};
			name = Debug;
		};
		ADB6115E2457161A008BC8DA /* Release */ = {
			isa = XCBuildConfiguration;
			buildSettings = {
				ASSETCATALOG_COMPILER_APPICON_NAME = AppIcon;
				CODE_SIGN_STYLE = Automatic;
				DEVELOPMENT_ASSET_PATHS = "\"ImagePickerViewDemo/Preview Content\"";
				DEVELOPMENT_TEAM = VL9YGW7RJ3;
				ENABLE_PREVIEWS = YES;
				INFOPLIST_FILE = ImagePickerViewDemo/Info.plist;
				LD_RUNPATH_SEARCH_PATHS = (
					"$(inherited)",
					"@executable_path/Frameworks",
				);
				PRODUCT_BUNDLE_IDENTIFIER = demo.ImagePickerViewDemo;
				PRODUCT_NAME = "$(TARGET_NAME)";
				SWIFT_VERSION = 5.0;
				TARGETED_DEVICE_FAMILY = "1,2";
			};
			name = Release;
		};
		ADB611602457161A008BC8DA /* Debug */ = {
			isa = XCBuildConfiguration;
			buildSettings = {
				ALWAYS_EMBED_SWIFT_STANDARD_LIBRARIES = YES;
				BUNDLE_LOADER = "$(TEST_HOST)";
				CODE_SIGN_STYLE = Automatic;
				INFOPLIST_FILE = "Multiple Image PickerTests/Info.plist";
				IPHONEOS_DEPLOYMENT_TARGET = 13.4;
				LD_RUNPATH_SEARCH_PATHS = (
					"$(inherited)",
					"@executable_path/Frameworks",
					"@loader_path/Frameworks",
				);
				PRODUCT_BUNDLE_IDENTIFIER = "Kavsoft.Multiple-Image-PickerTests";
				PRODUCT_NAME = "$(TARGET_NAME)";
				SWIFT_VERSION = 5.0;
				TARGETED_DEVICE_FAMILY = "1,2";
				TEST_HOST = "$(BUILT_PRODUCTS_DIR)/ImagePickerViewDemo.app/ImagePickerViewDemo";
			};
			name = Debug;
		};
		ADB611612457161A008BC8DA /* Release */ = {
			isa = XCBuildConfiguration;
			buildSettings = {
				ALWAYS_EMBED_SWIFT_STANDARD_LIBRARIES = YES;
				BUNDLE_LOADER = "$(TEST_HOST)";
				CODE_SIGN_STYLE = Automatic;
				INFOPLIST_FILE = "Multiple Image PickerTests/Info.plist";
				IPHONEOS_DEPLOYMENT_TARGET = 13.4;
				LD_RUNPATH_SEARCH_PATHS = (
					"$(inherited)",
					"@executable_path/Frameworks",
					"@loader_path/Frameworks",
				);
				PRODUCT_BUNDLE_IDENTIFIER = "Kavsoft.Multiple-Image-PickerTests";
				PRODUCT_NAME = "$(TARGET_NAME)";
				SWIFT_VERSION = 5.0;
				TARGETED_DEVICE_FAMILY = "1,2";
				TEST_HOST = "$(BUILT_PRODUCTS_DIR)/ImagePickerViewDemo.app/ImagePickerViewDemo";
			};
			name = Release;
		};
		ADB611632457161A008BC8DA /* Debug */ = {
			isa = XCBuildConfiguration;
			buildSettings = {
				ALWAYS_EMBED_SWIFT_STANDARD_LIBRARIES = YES;
				CODE_SIGN_STYLE = Automatic;
				INFOPLIST_FILE = "Multiple Image PickerUITests/Info.plist";
				LD_RUNPATH_SEARCH_PATHS = (
					"$(inherited)",
					"@executable_path/Frameworks",
					"@loader_path/Frameworks",
				);
				PRODUCT_BUNDLE_IDENTIFIER = "Kavsoft.Multiple-Image-PickerUITests";
				PRODUCT_NAME = "$(TARGET_NAME)";
				SWIFT_VERSION = 5.0;
				TARGETED_DEVICE_FAMILY = "1,2";
				TEST_TARGET_NAME = "Multiple Image Picker";
			};
			name = Debug;
		};
		ADB611642457161A008BC8DA /* Release */ = {
			isa = XCBuildConfiguration;
			buildSettings = {
				ALWAYS_EMBED_SWIFT_STANDARD_LIBRARIES = YES;
				CODE_SIGN_STYLE = Automatic;
				INFOPLIST_FILE = "Multiple Image PickerUITests/Info.plist";
				LD_RUNPATH_SEARCH_PATHS = (
					"$(inherited)",
					"@executable_path/Frameworks",
					"@loader_path/Frameworks",
				);
				PRODUCT_BUNDLE_IDENTIFIER = "Kavsoft.Multiple-Image-PickerUITests";
				PRODUCT_NAME = "$(TARGET_NAME)";
				SWIFT_VERSION = 5.0;
				TARGETED_DEVICE_FAMILY = "1,2";
				TEST_TARGET_NAME = "Multiple Image Picker";
			};
			name = Release;
		};
/* End XCBuildConfiguration section */

/* Begin XCConfigurationList section */
		ADB6112D24571616008BC8DA /* Build configuration list for PBXProject "ImagePickerViewDemo" */ = {
			isa = XCConfigurationList;
			buildConfigurations = (
				ADB6115A2457161A008BC8DA /* Debug */,
				ADB6115B2457161A008BC8DA /* Release */,
			);
			defaultConfigurationIsVisible = 0;
			defaultConfigurationName = Release;
		};
		ADB6115C2457161A008BC8DA /* Build configuration list for PBXNativeTarget "ImagePickerViewDemo" */ = {
			isa = XCConfigurationList;
			buildConfigurations = (
				ADB6115D2457161A008BC8DA /* Debug */,
				ADB6115E2457161A008BC8DA /* Release */,
			);
			defaultConfigurationIsVisible = 0;
			defaultConfigurationName = Release;
		};
		ADB6115F2457161A008BC8DA /* Build configuration list for PBXNativeTarget "ImagePickerViewDemoTests" */ = {
			isa = XCConfigurationList;
			buildConfigurations = (
				ADB611602457161A008BC8DA /* Debug */,
				ADB611612457161A008BC8DA /* Release */,
			);
			defaultConfigurationIsVisible = 0;
			defaultConfigurationName = Release;
		};
		ADB611622457161A008BC8DA /* Build configuration list for PBXNativeTarget "ImagePickerViewDemoUITests" */ = {
			isa = XCConfigurationList;
			buildConfigurations = (
				ADB611632457161A008BC8DA /* Debug */,
				ADB611642457161A008BC8DA /* Release */,
			);
			defaultConfigurationIsVisible = 0;
			defaultConfigurationName = Release;
		};
/* End XCConfigurationList section */
	};
	rootObject = ADB6112A24571616008BC8DA /* Project object */;
}
